
Microsoft Visual Studio Solution File, Format Version 12.00
# Visual Studio Version 17
VisualStudioVersion = 17.11.35431.28
MinimumVisualStudioVersion = 10.0.40219.1
Project("{9A19103F-16F7-4668-BE54-9A1E7A4F7556}") = "XperienceCommunity.SqlBrowser", "src\XperienceCommunity.SqlBrowser.csproj", "{73565A4F-23E6-46CF-BA02-338DC4D5F499}"
EndProject
Project("{9A19103F-16F7-4668-BE54-9A1E7A4F7556}") = "XperienceCommunity.SqlBrowser.Tests", "tests\XperienceCommunity.SqlBrowser.Tests.csproj", "{990BFD08-8E71-46BA-9EDB-4A3B959CDAA9}"
EndProject
Global
	GlobalSection(SolutionConfigurationPlatforms) = preSolution
		Debug|Any CPU = Debug|Any CPU
		Release|Any CPU = Release|Any CPU
	EndGlobalSection
	GlobalSection(ProjectConfigurationPlatforms) = postSolution
		{73565A4F-23E6-46CF-BA02-338DC4D5F499}.Debug|Any CPU.ActiveCfg = Debug|Any CPU
		{73565A4F-23E6-46CF-BA02-338DC4D5F499}.Debug|Any CPU.Build.0 = Debug|Any CPU
		{73565A4F-23E6-46CF-BA02-338DC4D5F499}.Release|Any CPU.ActiveCfg = Release|Any CPU
		{73565A4F-23E6-46CF-BA02-338DC4D5F499}.Release|Any CPU.Build.0 = Release|Any CPU
		{990BFD08-8E71-46BA-9EDB-4A3B959CDAA9}.Debug|Any CPU.ActiveCfg = Debug|Any CPU
		{990BFD08-8E71-46BA-9EDB-4A3B959CDAA9}.Debug|Any CPU.Build.0 = Debug|Any CPU
		{990BFD08-8E71-46BA-9EDB-4A3B959CDAA9}.Release|Any CPU.ActiveCfg = Release|Any CPU
		{990BFD08-8E71-46BA-9EDB-4A3B959CDAA9}.Release|Any CPU.Build.0 = Release|Any CPU
	EndGlobalSection
	GlobalSection(SolutionProperties) = preSolution
		HideSolutionNode = FALSE
	EndGlobalSection
	GlobalSection(ExtensibilityGlobals) = postSolution
		SolutionGuid = {F050D2D4-928D-42AB-B129-EFE4704CD401}
	EndGlobalSection
EndGlobal
